
Microsoft Visual Studio Solution File, Format Version 12.00
# Visual Studio 15
VisualStudioVersion = 15.0.27703.2047
MinimumVisualStudioVersion = 10.0.40219.1
Project("{FAE04EC0-301F-11D3-BF4B-00C04F79EFBC}") = "WpfToolBox", "WpfToolBox\WpfToolBox.csproj", "{428C01D5-6B9E-45D2-BDE3-07165E5665BE}"
EndProject
Global
	GlobalSection(SolutionConfigurationPlatforms) = preSolution
		Debug|Any CPU = Debug|Any CPU
		Release|Any CPU = Release|Any CPU
	EndGlobalSection
	GlobalSection(ProjectConfigurationPlatforms) = postSolution
		{428C01D5-6B9E-45D2-BDE3-07165E5665BE}.Debug|Any CPU.ActiveCfg = Debug|Any CPU
		{428C01D5-6B9E-45D2-BDE3-07165E5665BE}.Debug|Any CPU.Build.0 = Debug|Any CPU
		{428C01D5-6B9E-45D2-BDE3-07165E5665BE}.Release|Any CPU.ActiveCfg = Release|Any CPU
		{428C01D5-6B9E-45D2-BDE3-07165E5665BE}.Release|Any CPU.Build.0 = Release|Any CPU
	EndGlobalSection
	GlobalSection(SolutionProperties) = preSolution
		HideSolutionNode = FALSE
	EndGlobalSection
	GlobalSection(ExtensibilityGlobals) = postSolution
		SolutionGuid = {2CBC8857-6ECF-49D8-806E-AE82792ADB4F}
	EndGlobalSection
EndGlobal
